
Microsoft Visual Studio Solution File, Format Version 12.00
# Visual Studio Version 16
VisualStudioVersion = 16.0.29411.108
MinimumVisualStudioVersion = 10.0.40219.1
Project("{FAE04EC0-301F-11D3-BF4B-00C04F79EFBC}") = "SQL_Monitor", "SQL_Monitor\SQL_Monitor.csproj", "{C14EBB46-EDC2-4E14-B03C-DFBB14B0EE7A}"
EndProject
Project("{9A19103F-16F7-4668-BE54-9A1E7A4F7556}") = "SQLMonitorAPI", "..\SQLMonitorAPI\SQLMonitorAPI.csproj", "{F6B9EBC1-7C4F-4341-BBC3-70821075FFDB}"
EndProject
Global
	GlobalSection(SolutionConfigurationPlatforms) = preSolution
		Debug|Any CPU = Debug|Any CPU
		Release|Any CPU = Release|Any CPU
	EndGlobalSection
	GlobalSection(ProjectConfigurationPlatforms) = postSolution
		{C14EBB46-EDC2-4E14-B03C-DFBB14B0EE7A}.Debug|Any CPU.ActiveCfg = Debug|Any CPU
		{C14EBB46-EDC2-4E14-B03C-DFBB14B0EE7A}.Debug|Any CPU.Build.0 = Debug|Any CPU
		{C14EBB46-EDC2-4E14-B03C-DFBB14B0EE7A}.Release|Any CPU.ActiveCfg = Release|Any CPU
		{C14EBB46-EDC2-4E14-B03C-DFBB14B0EE7A}.Release|Any CPU.Build.0 = Release|Any CPU
		{F6B9EBC1-7C4F-4341-BBC3-70821075FFDB}.Debug|Any CPU.ActiveCfg = Debug|Any CPU
		{F6B9EBC1-7C4F-4341-BBC3-70821075FFDB}.Debug|Any CPU.Build.0 = Debug|Any CPU
		{F6B9EBC1-7C4F-4341-BBC3-70821075FFDB}.Release|Any CPU.ActiveCfg = Release|Any CPU
		{F6B9EBC1-7C4F-4341-BBC3-70821075FFDB}.Release|Any CPU.Build.0 = Release|Any CPU
	EndGlobalSection
	GlobalSection(SolutionProperties) = preSolution
		HideSolutionNode = FALSE
	EndGlobalSection
	GlobalSection(ExtensibilityGlobals) = postSolution
		SolutionGuid = {EEB236DC-BB97-4C84-A0C0-D8E4EAAF2A15}
	EndGlobalSection
EndGlobal
